
Microsoft Visual Studio Solution File, Format Version 12.00
# Visual Studio Version 17
VisualStudioVersion = 17.8.34408.163
MinimumVisualStudioVersion = 10.0.40219.1
Project("{9A19103F-16F7-4668-BE54-9A1E7A4F7556}") = "Task_1_TemperatureConverter", "Task_1_TemperatureConverter\Task_1_TemperatureConverter.csproj", "{3C00310A-2252-4B16-8BA8-72FDCCD9263E}"
EndProject
Project("{FAE04EC0-301F-11D3-BF4B-00C04F79EFBC}") = "Task_2_UserManagementSystem", "Task_2_UserManagementSystem\Task_2_UserManagementSystem.csproj", "{45F93385-28CB-41F3-ABA5-715785324761}"
EndProject
Project("{FAE04EC0-301F-11D3-BF4B-00C04F79EFBC}") = "CustomExceptionLibrary", "CustomExceptionLibrary\CustomExceptionLibrary.csproj", "{E07FB845-3D58-42C7-86BF-8F2C4F56B5E5}"
EndProject
Project("{FAE04EC0-301F-11D3-BF4B-00C04F79EFBC}") = "Task_3_ProductInventorySystem", "Task_3_ProductInventorySystem\Task_3_ProductInventorySystem.csproj", "{5D4B4201-D3BB-4804-A005-38164146160A}"
EndProject
Project("{FAE04EC0-301F-11D3-BF4B-00C04F79EFBC}") = "Task_4_StringExtension", "Task_4_StringExtension\Task_4_StringExtension.csproj", "{69781E77-237A-4C19-BEED-22EEA6EC60D8}"
EndProject
Global
	GlobalSection(SolutionConfigurationPlatforms) = preSolution
		Debug|Any CPU = Debug|Any CPU
		Release|Any CPU = Release|Any CPU
	EndGlobalSection
	GlobalSection(ProjectConfigurationPlatforms) = postSolution
		{3C00310A-2252-4B16-8BA8-72FDCCD9263E}.Debug|Any CPU.ActiveCfg = Debug|Any CPU
		{3C00310A-2252-4B16-8BA8-72FDCCD9263E}.Debug|Any CPU.Build.0 = Debug|Any CPU
		{3C00310A-2252-4B16-8BA8-72FDCCD9263E}.Release|Any CPU.ActiveCfg = Release|Any CPU
		{3C00310A-2252-4B16-8BA8-72FDCCD9263E}.Release|Any CPU.Build.0 = Release|Any CPU
		{45F93385-28CB-41F3-ABA5-715785324761}.Debug|Any CPU.ActiveCfg = Debug|Any CPU
		{45F93385-28CB-41F3-ABA5-715785324761}.Debug|Any CPU.Build.0 = Debug|Any CPU
		{45F93385-28CB-41F3-ABA5-715785324761}.Release|Any CPU.ActiveCfg = Release|Any CPU
		{45F93385-28CB-41F3-ABA5-715785324761}.Release|Any CPU.Build.0 = Release|Any CPU
		{E07FB845-3D58-42C7-86BF-8F2C4F56B5E5}.Debug|Any CPU.ActiveCfg = Debug|Any CPU
		{E07FB845-3D58-42C7-86BF-8F2C4F56B5E5}.Debug|Any CPU.Build.0 = Debug|Any CPU
		{E07FB845-3D58-42C7-86BF-8F2C4F56B5E5}.Release|Any CPU.ActiveCfg = Release|Any CPU
		{E07FB845-3D58-42C7-86BF-8F2C4F56B5E5}.Release|Any CPU.Build.0 = Release|Any CPU
		{5D4B4201-D3BB-4804-A005-38164146160A}.Debug|Any CPU.ActiveCfg = Debug|Any CPU
		{5D4B4201-D3BB-4804-A005-38164146160A}.Debug|Any CPU.Build.0 = Debug|Any CPU
		{5D4B4201-D3BB-4804-A005-38164146160A}.Release|Any CPU.ActiveCfg = Release|Any CPU
		{5D4B4201-D3BB-4804-A005-38164146160A}.Release|Any CPU.Build.0 = Release|Any CPU
		{69781E77-237A-4C19-BEED-22EEA6EC60D8}.Debug|Any CPU.ActiveCfg = Debug|Any CPU
		{69781E77-237A-4C19-BEED-22EEA6EC60D8}.Debug|Any CPU.Build.0 = Debug|Any CPU
		{69781E77-237A-4C19-BEED-22EEA6EC60D8}.Release|Any CPU.ActiveCfg = Release|Any CPU
		{69781E77-237A-4C19-BEED-22EEA6EC60D8}.Release|Any CPU.Build.0 = Release|Any CPU
	EndGlobalSection
	GlobalSection(SolutionProperties) = preSolution
		HideSolutionNode = FALSE
	EndGlobalSection
	GlobalSection(ExtensibilityGlobals) = postSolution
		SolutionGuid = {C1F6789C-C80C-4F0F-98D2-232017039D91}
	EndGlobalSection
EndGlobal
